
Microsoft Visual Studio Solution File, Format Version 12.00
# Visual Studio Version 17
VisualStudioVersion = 17.7.34024.191
MinimumVisualStudioVersion = 10.0.40219.1
Project("{9A19103F-16F7-4668-BE54-9A1E7A4F7556}") = "Cars", "Cars\Cars.csproj", "{9738136C-19C0-4BF8-A70E-E83692A2D44C}"
EndProject
Project("{9A19103F-16F7-4668-BE54-9A1E7A4F7556}") = "Cars.Core", "Cars.Core\Cars.Core.csproj", "{14137FA7-80C6-4D5D-A2E8-73C69A074D13}"
EndProject
Global
	GlobalSection(SolutionConfigurationPlatforms) = preSolution
		Debug|Any CPU = Debug|Any CPU
		Release|Any CPU = Release|Any CPU
	EndGlobalSection
	GlobalSection(ProjectConfigurationPlatforms) = postSolution
		{9738136C-19C0-4BF8-A70E-E83692A2D44C}.Debug|Any CPU.ActiveCfg = Debug|Any CPU
		{9738136C-19C0-4BF8-A70E-E83692A2D44C}.Debug|Any CPU.Build.0 = Debug|Any CPU
		{9738136C-19C0-4BF8-A70E-E83692A2D44C}.Release|Any CPU.ActiveCfg = Release|Any CPU
		{9738136C-19C0-4BF8-A70E-E83692A2D44C}.Release|Any CPU.Build.0 = Release|Any CPU
		{14137FA7-80C6-4D5D-A2E8-73C69A074D13}.Debug|Any CPU.ActiveCfg = Debug|Any CPU
		{14137FA7-80C6-4D5D-A2E8-73C69A074D13}.Debug|Any CPU.Build.0 = Debug|Any CPU
		{14137FA7-80C6-4D5D-A2E8-73C69A074D13}.Release|Any CPU.ActiveCfg = Release|Any CPU
		{14137FA7-80C6-4D5D-A2E8-73C69A074D13}.Release|Any CPU.Build.0 = Release|Any CPU
	EndGlobalSection
	GlobalSection(SolutionProperties) = preSolution
		HideSolutionNode = FALSE
	EndGlobalSection
	GlobalSection(ExtensibilityGlobals) = postSolution
		SolutionGuid = {867025CF-AAAE-495A-A60F-B9C83340099B}
	EndGlobalSection
EndGlobal
